
Microsoft Visual Studio Solution File, Format Version 12.00
# Visual Studio Version 17
VisualStudioVersion = 17.9.34607.119
MinimumVisualStudioVersion = 10.0.40219.1
Project("{9A19103F-16F7-4668-BE54-9A1E7A4F7556}") = "IntervalClock", "IntervalClock.csproj", "{FDFB17E7-1DBB-4083-8833-0DE8081C839B}"
EndProject
Global
	GlobalSection(SolutionConfigurationPlatforms) = preSolution
		Debug|Any CPU = Debug|Any CPU
		Release|Any CPU = Release|Any CPU
	EndGlobalSection
	GlobalSection(ProjectConfigurationPlatforms) = postSolution
		{FDFB17E7-1DBB-4083-8833-0DE8081C839B}.Debug|Any CPU.ActiveCfg = Debug|Any CPU
		{FDFB17E7-1DBB-4083-8833-0DE8081C839B}.Debug|Any CPU.Build.0 = Debug|Any CPU
		{FDFB17E7-1DBB-4083-8833-0DE8081C839B}.Release|Any CPU.ActiveCfg = Release|Any CPU
		{FDFB17E7-1DBB-4083-8833-0DE8081C839B}.Release|Any CPU.Build.0 = Release|Any CPU
	EndGlobalSection
	GlobalSection(SolutionProperties) = preSolution
		HideSolutionNode = FALSE
	EndGlobalSection
	GlobalSection(ExtensibilityGlobals) = postSolution
		SolutionGuid = {2C2F2FD3-2DCD-4DA8-B932-F574EB5A01C6}
	EndGlobalSection
EndGlobal
